
Microsoft Visual Studio Solution File, Format Version 12.00
# Visual Studio Version 17
VisualStudioVersion = 17.10.35004.147
MinimumVisualStudioVersion = 10.0.40219.1
Project("{FAE04EC0-301F-11D3-BF4B-00C04F79EFBC}") = "UI", "UI\UI.csproj", "{FD31081D-A928-4721-B329-57003FB87C5B}"
EndProject
Project("{FAE04EC0-301F-11D3-BF4B-00C04F79EFBC}") = "BLL", "BLL\BLL.csproj", "{67CA4272-4795-46E6-ABDD-9313B2F98E6B}"
EndProject
Project("{FAE04EC0-301F-11D3-BF4B-00C04F79EFBC}") = "DAL", "DAL\DAL.csproj", "{DC371133-1352-4650-8E2E-5CCDDD8090D7}"
EndProject
Global
	GlobalSection(SolutionConfigurationPlatforms) = preSolution
		Debug|Any CPU = Debug|Any CPU
		Release|Any CPU = Release|Any CPU
	EndGlobalSection
	GlobalSection(ProjectConfigurationPlatforms) = postSolution
		{FD31081D-A928-4721-B329-57003FB87C5B}.Debug|Any CPU.ActiveCfg = Debug|Any CPU
		{FD31081D-A928-4721-B329-57003FB87C5B}.Debug|Any CPU.Build.0 = Debug|Any CPU
		{FD31081D-A928-4721-B329-57003FB87C5B}.Release|Any CPU.ActiveCfg = Release|Any CPU
		{FD31081D-A928-4721-B329-57003FB87C5B}.Release|Any CPU.Build.0 = Release|Any CPU
		{67CA4272-4795-46E6-ABDD-9313B2F98E6B}.Debug|Any CPU.ActiveCfg = Debug|Any CPU
		{67CA4272-4795-46E6-ABDD-9313B2F98E6B}.Debug|Any CPU.Build.0 = Debug|Any CPU
		{67CA4272-4795-46E6-ABDD-9313B2F98E6B}.Release|Any CPU.ActiveCfg = Release|Any CPU
		{67CA4272-4795-46E6-ABDD-9313B2F98E6B}.Release|Any CPU.Build.0 = Release|Any CPU
		{DC371133-1352-4650-8E2E-5CCDDD8090D7}.Debug|Any CPU.ActiveCfg = Debug|Any CPU
		{DC371133-1352-4650-8E2E-5CCDDD8090D7}.Debug|Any CPU.Build.0 = Debug|Any CPU
		{DC371133-1352-4650-8E2E-5CCDDD8090D7}.Release|Any CPU.ActiveCfg = Release|Any CPU
		{DC371133-1352-4650-8E2E-5CCDDD8090D7}.Release|Any CPU.Build.0 = Release|Any CPU
	EndGlobalSection
	GlobalSection(SolutionProperties) = preSolution
		HideSolutionNode = FALSE
	EndGlobalSection
	GlobalSection(ExtensibilityGlobals) = postSolution
		SolutionGuid = {B6D5418B-C12A-43E9-A302-7417D36395C6}
	EndGlobalSection
EndGlobal
